// !$*UTF8*$!
{
	archiveVersion = 1;
	classes = {
	};
	objectVersion = 48;
	objects = {

/* Begin PBXBuildFile section */
		B10BCA511FB825CD0085B124 /* ZSBReportFormLayout.m in Sources */ = {isa = PBXBuildFile; fileRef = B10BCA501FB825CD0085B124 /* ZSBReportFormLayout.m */; };
		B1EB63641FB5801C00EA1481 /* AppDelegate.m in Sources */ = {isa = PBXBuildFile; fileRef = B1EB63631FB5801C00EA1481 /* AppDelegate.m */; };
		B1EB63671FB5801C00EA1481 /* ViewController.m in Sources */ = {isa = PBXBuildFile; fileRef = B1EB63661FB5801C00EA1481 /* ViewController.m */; };
		B1EB636A1FB5801C00EA1481 /* Main.storyboard in Resources */ = {isa = PBXBuildFile; fileRef = B1EB63681FB5801C00EA1481 /* Main.storyboard */; };
		B1EB636C1FB5801C00EA1481 /* Assets.xcassets in Resources */ = {isa = PBXBuildFile; fileRef = B1EB636B1FB5801C00EA1481 /* Assets.xcassets */; };
		B1EB636F1FB5801C00EA1481 /* LaunchScreen.storyboard in Resources */ = {isa = PBXBuildFile; fileRef = B1EB636D1FB5801C00EA1481 /* LaunchScreen.storyboard */; };
		B1EB63721FB5801C00EA1481 /* main.m in Sources */ = {isa = PBXBuildFile; fileRef = B1EB63711FB5801C00EA1481 /* main.m */; };
		B1EB637C1FB5801C00EA1481 /* ZSBReoprtFormDemoTests.m in Sources */ = {isa = PBXBuildFile; fileRef = B1EB637B1FB5801C00EA1481 /* ZSBReoprtFormDemoTests.m */; };
		B1EB63871FB5801C00EA1481 /* ZSBReoprtFormDemoUITests.m in Sources */ = {isa = PBXBuildFile; fileRef = B1EB63861FB5801C00EA1481 /* ZSBReoprtFormDemoUITests.m */; };
		B1EB63951FB580CE00EA1481 /* list.txt in Resources */ = {isa = PBXBuildFile; fileRef = B1EB63941FB580CE00EA1481 /* list.txt */; };
		B1EB63991FB5823D00EA1481 /* ZSBReoprtFormView.m in Sources */ = {isa = PBXBuildFile; fileRef = B1EB63981FB5823D00EA1481 /* ZSBReoprtFormView.m */; };
		B1EB639D1FB582BA00EA1481 /* ZSBReportFormModel.m in Sources */ = {isa = PBXBuildFile; fileRef = B1EB639C1FB582BA00EA1481 /* ZSBReportFormModel.m */; };
		B1EB63A01FB5832600EA1481 /* ZSBReoprtFormSubModel.m in Sources */ = {isa = PBXBuildFile; fileRef = B1EB639F1FB5832600EA1481 /* ZSBReoprtFormSubModel.m */; };
		B1EB63A51FB5917100EA1481 /* ZSBReportFormViewItemCell.m in Sources */ = {isa = PBXBuildFile; fileRef = B1EB63A41FB5917100EA1481 /* ZSBReportFormViewItemCell.m */; };
		B1EB63A81FB5ABAE00EA1481 /* ZSBReportFormButton.m in Sources */ = {isa = PBXBuildFile; fileRef = B1EB63A71FB5ABAE00EA1481 /* ZSBReportFormButton.m */; };
		B3083FE8120E71538DEF67C3 /* libPods-ZSBReoprtFormDemo.a in Frameworks */ = {isa = PBXBuildFile; fileRef = C861B282066BC458CAB90233 /* libPods-ZSBReoprtFormDemo.a */; };
/* End PBXBuildFile section */

/* Begin PBXContainerItemProxy section */
		B1EB63781FB5801C00EA1481 /* PBXContainerItemProxy */ = {
			isa = PBXContainerItemProxy;
			containerPortal = B1EB63571FB5801C00EA1481 /* Project object */;
			proxyType = 1;
			remoteGlobalIDString = B1EB635E1FB5801C00EA1481;
			remoteInfo = ZSBReoprtFormDemo;
		};
		B1EB63831FB5801C00EA1481 /* PBXContainerItemProxy */ = {
			isa = PBXContainerItemProxy;
			containerPortal = B1EB63571FB5801C00EA1481 /* Project object */;
			proxyType = 1;
			remoteGlobalIDString = B1EB635E1FB5801C00EA1481;
			remoteInfo = ZSBReoprtFormDemo;
		};
/* End PBXContainerItemProxy section */

/* Begin PBXFileReference section */
		5F9B28CB70E9E7E57117D537 /* Pods-ZSBReoprtFormDemo.debug.xcconfig */ = {isa = PBXFileReference; includeInIndex = 1; lastKnownFileType = text.xcconfig; name = "Pods-ZSBReoprtFormDemo.debug.xcconfig"; path = "Pods/Target Support Files/Pods-ZSBReoprtFormDemo/Pods-ZSBReoprtFormDemo.debug.xcconfig"; sourceTree = "<group>"; };
		B10BCA4F1FB825CD0085B124 /* ZSBReportFormLayout.h */ = {isa = PBXFileReference; lastKnownFileType = sourcecode.c.h; path = ZSBReportFormLayout.h; sourceTree = "<group>"; };
		B10BCA501FB825CD0085B124 /* ZSBReportFormLayout.m */ = {isa = PBXFileReference; lastKnownFileType = sourcecode.c.objc; path = ZSBReportFormLayout.m; sourceTree = "<group>"; };
		B156109F1FB9748C00EEE377 /* ZSBReportFormDefine.h */ = {isa = PBXFileReference; lastKnownFileType = sourcecode.c.h; path = ZSBReportFormDefine.h; sourceTree = "<group>"; };
		B1EB635F1FB5801C00EA1481 /* ZSBReoprtFormDemo.app */ = {isa = PBXFileReference; explicitFileType = wrapper.application; includeInIndex = 0; path = ZSBReoprtFormDemo.app; sourceTree = BUILT_PRODUCTS_DIR; };
		B1EB63621FB5801C00EA1481 /* AppDelegate.h */ = {isa = PBXFileReference; lastKnownFileType = sourcecode.c.h; path = AppDelegate.h; sourceTree = "<group>"; };
		B1EB63631FB5801C00EA1481 /* AppDelegate.m */ = {isa = PBXFileReference; lastKnownFileType = sourcecode.c.objc; path = AppDelegate.m; sourceTree = "<group>"; };
		B1EB63651FB5801C00EA1481 /* ViewController.h */ = {isa = PBXFileReference; lastKnownFileType = sourcecode.c.h; path = ViewController.h; sourceTree = "<group>"; };
		B1EB63661FB5801C00EA1481 /* ViewController.m */ = {isa = PBXFileReference; lastKnownFileType = sourcecode.c.objc; path = ViewController.m; sourceTree = "<group>"; };
		B1EB63691FB5801C00EA1481 /* Base */ = {isa = PBXFileReference; lastKnownFileType = file.storyboard; name = Base; path = Base.lproj/Main.storyboard; sourceTree = "<group>"; };
		B1EB636B1FB5801C00EA1481 /* Assets.xcassets */ = {isa = PBXFileReference; lastKnownFileType = folder.assetcatalog; path = Assets.xcassets; sourceTree = "<group>"; };
		B1EB636E1FB5801C00EA1481 /* Base */ = {isa = PBXFileReference; lastKnownFileType = file.storyboard; name = Base; path = Base.lproj/LaunchScreen.storyboard; sourceTree = "<group>"; };
		B1EB63701FB5801C00EA1481 /* Info.plist */ = {isa = PBXFileReference; lastKnownFileType = text.plist.xml; path = Info.plist; sourceTree = "<group>"; };
		B1EB63711FB5801C00EA1481 /* main.m */ = {isa = PBXFileReference; lastKnownFileType = sourcecode.c.objc; path = main.m; sourceTree = "<group>"; };
		B1EB63771FB5801C00EA1481 /* ZSBReoprtFormDemoTests.xctest */ = {isa = PBXFileReference; explicitFileType = wrapper.cfbundle; includeInIndex = 0; path = ZSBReoprtFormDemoTests.xctest; sourceTree = BUILT_PRODUCTS_DIR; };
		B1EB637B1FB5801C00EA1481 /* ZSBReoprtFormDemoTests.m */ = {isa = PBXFileReference; lastKnownFileType = sourcecode.c.objc; path = ZSBReoprtFormDemoTests.m; sourceTree = "<group>"; };
		B1EB637D1FB5801C00EA1481 /* Info.plist */ = {isa = PBXFileReference; lastKnownFileType = text.plist.xml; path = Info.plist; sourceTree = "<group>"; };
		B1EB63821FB5801C00EA1481 /* ZSBReoprtFormDemoUITests.xctest */ = {isa = PBXFileReference; explicitFileType = wrapper.cfbundle; includeInIndex = 0; path = ZSBReoprtFormDemoUITests.xctest; sourceTree = BUILT_PRODUCTS_DIR; };
		B1EB63861FB5801C00EA1481 /* ZSBReoprtFormDemoUITests.m */ = {isa = PBXFileReference; lastKnownFileType = sourcecode.c.objc; path = ZSBReoprtFormDemoUITests.m; sourceTree = "<group>"; };
		B1EB63881FB5801C00EA1481 /* Info.plist */ = {isa = PBXFileReference; lastKnownFileType = text.plist.xml; path = Info.plist; sourceTree = "<group>"; };
		B1EB63941FB580CE00EA1481 /* list.txt */ = {isa = PBXFileReference; lastKnownFileType = text; path = list.txt; sourceTree = "<group>"; };
		B1EB63971FB5823D00EA1481 /* ZSBReoprtFormView.h */ = {isa = PBXFileReference; lastKnownFileType = sourcecode.c.h; path = ZSBReoprtFormView.h; sourceTree = "<group>"; };
		B1EB63981FB5823D00EA1481 /* ZSBReoprtFormView.m */ = {isa = PBXFileReference; lastKnownFileType = sourcecode.c.objc; path = ZSBReoprtFormView.m; sourceTree = "<group>"; };
		B1EB639B1FB582BA00EA1481 /* ZSBReportFormModel.h */ = {isa = PBXFileReference; lastKnownFileType = sourcecode.c.h; path = ZSBReportFormModel.h; sourceTree = "<group>"; };
		B1EB639C1FB582BA00EA1481 /* ZSBReportFormModel.m */ = {isa = PBXFileReference; lastKnownFileType = sourcecode.c.objc; path = ZSBReportFormModel.m; sourceTree = "<group>"; };
		B1EB639E1FB5832600EA1481 /* ZSBReoprtFormSubModel.h */ = {isa = PBXFileReference; lastKnownFileType = sourcecode.c.h; path = ZSBReoprtFormSubModel.h; sourceTree = "<group>"; };
		B1EB639F1FB5832600EA1481 /* ZSBReoprtFormSubModel.m */ = {isa = PBXFileReference; lastKnownFileType = sourcecode.c.objc; path = ZSBReoprtFormSubModel.m; sourceTree = "<group>"; };
		B1EB63A31FB5917100EA1481 /* ZSBReportFormViewItemCell.h */ = {isa = PBXFileReference; lastKnownFileType = sourcecode.c.h; path = ZSBReportFormViewItemCell.h; sourceTree = "<group>"; };
		B1EB63A41FB5917100EA1481 /* ZSBReportFormViewItemCell.m */ = {isa = PBXFileReference; lastKnownFileType = sourcecode.c.objc; path = ZSBReportFormViewItemCell.m; sourceTree = "<group>"; };
		B1EB63A61FB5ABAE00EA1481 /* ZSBReportFormButton.h */ = {isa = PBXFileReference; lastKnownFileType = sourcecode.c.h; path = ZSBReportFormButton.h; sourceTree = "<group>"; };
		B1EB63A71FB5ABAE00EA1481 /* ZSBReportFormButton.m */ = {isa = PBXFileReference; lastKnownFileType = sourcecode.c.objc; path = ZSBReportFormButton.m; sourceTree = "<group>"; };
		C02E997002451E82EB3BEB45 /* Pods-ZSBReoprtFormDemo.release.xcconfig */ = {isa = PBXFileReference; includeInIndex = 1; lastKnownFileType = text.xcconfig; name = "Pods-ZSBReoprtFormDemo.release.xcconfig"; path = "Pods/Target Support Files/Pods-ZSBReoprtFormDemo/Pods-ZSBReoprtFormDemo.release.xcconfig"; sourceTree = "<group>"; };
		C861B282066BC458CAB90233 /* libPods-ZSBReoprtFormDemo.a */ = {isa = PBXFileReference; explicitFileType = archive.ar; includeInIndex = 0; path = "libPods-ZSBReoprtFormDemo.a"; sourceTree = BUILT_PRODUCTS_DIR; };
/* End PBXFileReference section */

/* Begin PBXFrameworksBuildPhase section */
		B1EB635C1FB5801C00EA1481 /* Frameworks */ = {
			isa = PBXFrameworksBuildPhase;
			buildActionMask = 2147483647;
			files = (
				B3083FE8120E71538DEF67C3 /* libPods-ZSBReoprtFormDemo.a in Frameworks */,
			);
			runOnlyForDeploymentPostprocessing = 0;
		};
		B1EB63741FB5801C00EA1481 /* Frameworks */ = {
			isa = PBXFrameworksBuildPhase;
			buildActionMask = 2147483647;
			files = (
			);
			runOnlyForDeploymentPostprocessing = 0;
		};
		B1EB637F1FB5801C00EA1481 /* Frameworks */ = {
			isa = PBXFrameworksBuildPhase;
			buildActionMask = 2147483647;
			files = (
			);
			runOnlyForDeploymentPostprocessing = 0;
		};
/* End PBXFrameworksBuildPhase section */

/* Begin PBXGroup section */
		927968189190E7E9AA09461D /* Pods */ = {
			isa = PBXGroup;
			children = (
				5F9B28CB70E9E7E57117D537 /* Pods-ZSBReoprtFormDemo.debug.xcconfig */,
				C02E997002451E82EB3BEB45 /* Pods-ZSBReoprtFormDemo.release.xcconfig */,
			);
			name = Pods;
			sourceTree = "<group>";
		};
		A657EBF1BE50EE5335A1BA80 /* Frameworks */ = {
			isa = PBXGroup;
			children = (
				C861B282066BC458CAB90233 /* libPods-ZSBReoprtFormDemo.a */,
			);
			name = Frameworks;
			sourceTree = "<group>";
		};
		B1EB63561FB5801C00EA1481 = {
			isa = PBXGroup;
			children = (
				B1EB63611FB5801C00EA1481 /* ZSBReoprtFormDemo */,
				B1EB637A1FB5801C00EA1481 /* ZSBReoprtFormDemoTests */,
				B1EB63851FB5801C00EA1481 /* ZSBReoprtFormDemoUITests */,
				B1EB63601FB5801C00EA1481 /* Products */,
				927968189190E7E9AA09461D /* Pods */,
				A657EBF1BE50EE5335A1BA80 /* Frameworks */,
			);
			sourceTree = "<group>";
		};
		B1EB63601FB5801C00EA1481 /* Products */ = {
			isa = PBXGroup;
			children = (
				B1EB635F1FB5801C00EA1481 /* ZSBReoprtFormDemo.app */,
				B1EB63771FB5801C00EA1481 /* ZSBReoprtFormDemoTests.xctest */,
				B1EB63821FB5801C00EA1481 /* ZSBReoprtFormDemoUITests.xctest */,
			);
			name = Products;
			sourceTree = "<group>";
		};
		B1EB63611FB5801C00EA1481 /* ZSBReoprtFormDemo */ = {
			isa = PBXGroup;
			children = (
				B1EB63961FB5821E00EA1481 /* ZSBFormView */,
				B1EB63621FB5801C00EA1481 /* AppDelegate.h */,
				B1EB63631FB5801C00EA1481 /* AppDelegate.m */,
				B1EB63651FB5801C00EA1481 /* ViewController.h */,
				B1EB63661FB5801C00EA1481 /* ViewController.m */,
				B1EB63941FB580CE00EA1481 /* list.txt */,
				B1EB63681FB5801C00EA1481 /* Main.storyboard */,
				B1EB636B1FB5801C00EA1481 /* Assets.xcassets */,
				B1EB636D1FB5801C00EA1481 /* LaunchScreen.storyboard */,
				B1EB63701FB5801C00EA1481 /* Info.plist */,
				B1EB63711FB5801C00EA1481 /* main.m */,
			);
			path = ZSBReoprtFormDemo;
			sourceTree = "<group>";
		};
		B1EB637A1FB5801C00EA1481 /* ZSBReoprtFormDemoTests */ = {
			isa = PBXGroup;
			children = (
				B1EB637B1FB5801C00EA1481 /* ZSBReoprtFormDemoTests.m */,
				B1EB637D1FB5801C00EA1481 /* Info.plist */,
			);
			path = ZSBReoprtFormDemoTests;
			sourceTree = "<group>";
		};
		B1EB63851FB5801C00EA1481 /* ZSBReoprtFormDemoUITests */ = {
			isa = PBXGroup;
			children = (
				B1EB63861FB5801C00EA1481 /* ZSBReoprtFormDemoUITests.m */,
				B1EB63881FB5801C00EA1481 /* Info.plist */,
			);
			path = ZSBReoprtFormDemoUITests;
			sourceTree = "<group>";
		};
		B1EB63961FB5821E00EA1481 /* ZSBFormView */ = {
			isa = PBXGroup;
			children = (
				B1EB63A11FB583E600EA1481 /* Utility */,
				B1EB639A1FB5829B00EA1481 /* Model */,
				B1EB63971FB5823D00EA1481 /* ZSBReoprtFormView.h */,
				B1EB63981FB5823D00EA1481 /* ZSBReoprtFormView.m */,
				B1EB63A31FB5917100EA1481 /* ZSBReportFormViewItemCell.h */,
				B1EB63A41FB5917100EA1481 /* ZSBReportFormViewItemCell.m */,
				B10BCA4F1FB825CD0085B124 /* ZSBReportFormLayout.h */,
				B10BCA501FB825CD0085B124 /* ZSBReportFormLayout.m */,
				B1EB63A61FB5ABAE00EA1481 /* ZSBReportFormButton.h */,
				B1EB63A71FB5ABAE00EA1481 /* ZSBReportFormButton.m */,
			);
			path = ZSBFormView;
			sourceTree = "<group>";
		};
		B1EB639A1FB5829B00EA1481 /* Model */ = {
			isa = PBXGroup;
			children = (
				B1EB639B1FB582BA00EA1481 /* ZSBReportFormModel.h */,
				B1EB639C1FB582BA00EA1481 /* ZSBReportFormModel.m */,
				B1EB639E1FB5832600EA1481 /* ZSBReoprtFormSubModel.h */,
				B1EB639F1FB5832600EA1481 /* ZSBReoprtFormSubModel.m */,
			);
			path = Model;
			sourceTree = "<group>";
		};
		B1EB63A11FB583E600EA1481 /* Utility */ = {
			isa = PBXGroup;
			children = (
				B156109F1FB9748C00EEE377 /* ZSBReportFormDefine.h */,
			);
			path = Utility;
			sourceTree = "<group>";
		};
/* End PBXGroup section */

/* Begin PBXNativeTarget section */
		B1EB635E1FB5801C00EA1481 /* ZSBReoprtFormDemo */ = {
			isa = PBXNativeTarget;
			buildConfigurationList = B1EB638B1FB5801C00EA1481 /* Build configuration list for PBXNativeTarget "ZSBReoprtFormDemo" */;
			buildPhases = (
				BA6FF6BA272AB989154C4842 /* [CP] Check Pods Manifest.lock */,
				B1EB635B1FB5801C00EA1481 /* Sources */,
				B1EB635C1FB5801C00EA1481 /* Frameworks */,
				B1EB635D1FB5801C00EA1481 /* Resources */,
				4D89C5A82A37ABC5D5300E41 /* [CP] Embed Pods Frameworks */,
				49B942471D31C6670D4F16FE /* [CP] Copy Pods Resources */,
			);
			buildRules = (
			);
			dependencies = (
			);
			name = ZSBReoprtFormDemo;
			productName = ZSBReoprtFormDemo;
			productReference = B1EB635F1FB5801C00EA1481 /* ZSBReoprtFormDemo.app */;
			productType = "com.apple.product-type.application";
		};
		B1EB63761FB5801C00EA1481 /* ZSBReoprtFormDemoTests */ = {
			isa = PBXNativeTarget;
			buildConfigurationList = B1EB638E1FB5801C00EA1481 /* Build configuration list for PBXNativeTarget "ZSBReoprtFormDemoTests" */;
			buildPhases = (
				B1EB63731FB5801C00EA1481 /* Sources */,
				B1EB63741FB5801C00EA1481 /* Frameworks */,
				B1EB63751FB5801C00EA1481 /* Resources */,
			);
			buildRules = (
			);
			dependencies = (
				B1EB63791FB5801C00EA1481 /* PBXTargetDependency */,
			);
			name = ZSBReoprtFormDemoTests;
			productName = ZSBReoprtFormDemoTests;
			productReference = B1EB63771FB5801C00EA1481 /* ZSBReoprtFormDemoTests.xctest */;
			productType = "com.apple.product-type.bundle.unit-test";
		};
		B1EB63811FB5801C00EA1481 /* ZSBReoprtFormDemoUITests */ = {
			isa = PBXNativeTarget;
			buildConfigurationList = B1EB63911FB5801C00EA1481 /* Build configuration list for PBXNativeTarget "ZSBReoprtFormDemoUITests" */;
			buildPhases = (
				B1EB637E1FB5801C00EA1481 /* Sources */,
				B1EB637F1FB5801C00EA1481 /* Frameworks */,
				B1EB63801FB5801C00EA1481 /* Resources */,
			);
			buildRules = (
			);
			dependencies = (
				B1EB63841FB5801C00EA1481 /* PBXTargetDependency */,
			);
			name = ZSBReoprtFormDemoUITests;
			productName = ZSBReoprtFormDemoUITests;
			productReference = B1EB63821FB5801C00EA1481 /* ZSBReoprtFormDemoUITests.xctest */;
			productType = "com.apple.product-type.bundle.ui-testing";
		};
/* End PBXNativeTarget section */

/* Begin PBXProject section */
		B1EB63571FB5801C00EA1481 /* Project object */ = {
			isa = PBXProject;
			attributes = {
				LastUpgradeCheck = 0910;
				ORGANIZATIONNAME = "shibing zhang";
				TargetAttributes = {
					B1EB635E1FB5801C00EA1481 = {
						CreatedOnToolsVersion = 9.1;
						ProvisioningStyle = Automatic;
					};
					B1EB63761FB5801C00EA1481 = {
						CreatedOnToolsVersion = 9.1;
						ProvisioningStyle = Automatic;
						TestTargetID = B1EB635E1FB5801C00EA1481;
					};
					B1EB63811FB5801C00EA1481 = {
						CreatedOnToolsVersion = 9.1;
						ProvisioningStyle = Automatic;
						TestTargetID = B1EB635E1FB5801C00EA1481;
					};
				};
			};
			buildConfigurationList = B1EB635A1FB5801C00EA1481 /* Build configuration list for PBXProject "ZSBReoprtFormDemo" */;
			compatibilityVersion = "Xcode 8.0";
			developmentRegion = en;
			hasScannedForEncodings = 0;
			knownRegions = (
				en,
				Base,
			);
			mainGroup = B1EB63561FB5801C00EA1481;
			productRefGroup = B1EB63601FB5801C00EA1481 /* Products */;
			projectDirPath = "";
			projectRoot = "";
			targets = (
				B1EB635E1FB5801C00EA1481 /* ZSBReoprtFormDemo */,
				B1EB63761FB5801C00EA1481 /* ZSBReoprtFormDemoTests */,
				B1EB63811FB5801C00EA1481 /* ZSBReoprtFormDemoUITests */,
			);
		};
/* End PBXProject section */

/* Begin PBXResourcesBuildPhase section */
		B1EB635D1FB5801C00EA1481 /* Resources */ = {
			isa = PBXResourcesBuildPhase;
			buildActionMask = 2147483647;
			files = (
				B1EB636F1FB5801C00EA1481 /* LaunchScreen.storyboard in Resources */,
				B1EB636C1FB5801C00EA1481 /* Assets.xcassets in Resources */,
				B1EB63951FB580CE00EA1481 /* list.txt in Resources */,
				B1EB636A1FB5801C00EA1481 /* Main.storyboard in Resources */,
			);
			runOnlyForDeploymentPostprocessing = 0;
		};
		B1EB63751FB5801C00EA1481 /* Resources */ = {
			isa = PBXResourcesBuildPhase;
			buildActionMask = 2147483647;
			files = (
			);
			runOnlyForDeploymentPostprocessing = 0;
		};
		B1EB63801FB5801C00EA1481 /* Resources */ = {
			isa = PBXResourcesBuildPhase;
			buildActionMask = 2147483647;
			files = (
			);
			runOnlyForDeploymentPostprocessing = 0;
		};
/* End PBXResourcesBuildPhase section */

/* Begin PBXShellScriptBuildPhase section */
		49B942471D31C6670D4F16FE /* [CP] Copy Pods Resources */ = {
			isa = PBXShellScriptBuildPhase;
			buildActionMask = 2147483647;
			files = (
			);
			inputPaths = (
			);
			name = "[CP] Copy Pods Resources";
			outputPaths = (
			);
			runOnlyForDeploymentPostprocessing = 0;
			shellPath = /bin/sh;
			shellScript = "\"${SRCROOT}/Pods/Target Support Files/Pods-ZSBReoprtFormDemo/Pods-ZSBReoprtFormDemo-resources.sh\"\n";
			showEnvVarsInLog = 0;
		};
		4D89C5A82A37ABC5D5300E41 /* [CP] Embed Pods Frameworks */ = {
			isa = PBXShellScriptBuildPhase;
			buildActionMask = 2147483647;
			files = (
			);
			inputPaths = (
			);
			name = "[CP] Embed Pods Frameworks";
			outputPaths = (
			);
			runOnlyForDeploymentPostprocessing = 0;
			shellPath = /bin/sh;
			shellScript = "\"${SRCROOT}/Pods/Target Support Files/Pods-ZSBReoprtFormDemo/Pods-ZSBReoprtFormDemo-frameworks.sh\"\n";
			showEnvVarsInLog = 0;
		};
		BA6FF6BA272AB989154C4842 /* [CP] Check Pods Manifest.lock */ = {
			isa = PBXShellScriptBuildPhase;
			buildActionMask = 2147483647;
			files = (
			);
			inputPaths = (
				"${PODS_PODFILE_DIR_PATH}/Podfile.lock",
				"${PODS_ROOT}/Manifest.lock",
			);
			name = "[CP] Check Pods Manifest.lock";
			outputPaths = (
				"$(DERIVED_FILE_DIR)/Pods-ZSBReoprtFormDemo-checkManifestLockResult.txt",
			);
			runOnlyForDeploymentPostprocessing = 0;
			shellPath = /bin/sh;
			shellScript = "diff \"${PODS_PODFILE_DIR_PATH}/Podfile.lock\" \"${PODS_ROOT}/Manifest.lock\" > /dev/null\nif [ $? != 0 ] ; then\n    # print error to STDERR\n    echo \"error: The sandbox is not in sync with the Podfile.lock. Run 'pod install' or update your CocoaPods installation.\" >&2\n    exit 1\nfi\n# This output is used by Xcode 'outputs' to avoid re-running this script phase.\necho \"SUCCESS\" > \"${SCRIPT_OUTPUT_FILE_0}\"\n";
			showEnvVarsInLog = 0;
		};
/* End PBXShellScriptBuildPhase section */

/* Begin PBXSourcesBuildPhase section */
		B1EB635B1FB5801C00EA1481 /* Sources */ = {
			isa = PBXSourcesBuildPhase;
			buildActionMask = 2147483647;
			files = (
				B1EB63991FB5823D00EA1481 /* ZSBReoprtFormView.m in Sources */,
				B1EB63671FB5801C00EA1481 /* ViewController.m in Sources */,
				B1EB63721FB5801C00EA1481 /* main.m in Sources */,
				B1EB63A81FB5ABAE00EA1481 /* ZSBReportFormButton.m in Sources */,
				B10BCA511FB825CD0085B124 /* ZSBReportFormLayout.m in Sources */,
				B1EB63A51FB5917100EA1481 /* ZSBReportFormViewItemCell.m in Sources */,
				B1EB63641FB5801C00EA1481 /* AppDelegate.m in Sources */,
				B1EB63A01FB5832600EA1481 /* ZSBReoprtFormSubModel.m in Sources */,
				B1EB639D1FB582BA00EA1481 /* ZSBReportFormModel.m in Sources */,
			);
			runOnlyForDeploymentPostprocessing = 0;
		};
		B1EB63731FB5801C00EA1481 /* Sources */ = {
			isa = PBXSourcesBuildPhase;
			buildActionMask = 2147483647;
			files = (
				B1EB637C1FB5801C00EA1481 /* ZSBReoprtFormDemoTests.m in Sources */,
			);
			runOnlyForDeploymentPostprocessing = 0;
		};
		B1EB637E1FB5801C00EA1481 /* Sources */ = {
			isa = PBXSourcesBuildPhase;
			buildActionMask = 2147483647;
			files = (
				B1EB63871FB5801C00EA1481 /* ZSBReoprtFormDemoUITests.m in Sources */,
			);
			runOnlyForDeploymentPostprocessing = 0;
		};
/* End PBXSourcesBuildPhase section */

/* Begin PBXTargetDependency section */
		B1EB63791FB5801C00EA1481 /* PBXTargetDependency */ = {
			isa = PBXTargetDependency;
			target = B1EB635E1FB5801C00EA1481 /* ZSBReoprtFormDemo */;
			targetProxy = B1EB63781FB5801C00EA1481 /* PBXContainerItemProxy */;
		};
		B1EB63841FB5801C00EA1481 /* PBXTargetDependency */ = {
			isa = PBXTargetDependency;
			target = B1EB635E1FB5801C00EA1481 /* ZSBReoprtFormDemo */;
			targetProxy = B1EB63831FB5801C00EA1481 /* PBXContainerItemProxy */;
		};
/* End PBXTargetDependency section */

/* Begin PBXVariantGroup section */
		B1EB63681FB5801C00EA1481 /* Main.storyboard */ = {
			isa = PBXVariantGroup;
			children = (
				B1EB63691FB5801C00EA1481 /* Base */,
			);
			name = Main.storyboard;
			sourceTree = "<group>";
		};
		B1EB636D1FB5801C00EA1481 /* LaunchScreen.storyboard */ = {
			isa = PBXVariantGroup;
			children = (
				B1EB636E1FB5801C00EA1481 /* Base */,
			);
			name = LaunchScreen.storyboard;
			sourceTree = "<group>";
		};
/* End PBXVariantGroup section */

/* Begin XCBuildConfiguration section */
		B1EB63891FB5801C00EA1481 /* Debug */ = {
			isa = XCBuildConfiguration;
			buildSettings = {
				ALWAYS_SEARCH_USER_PATHS = NO;
				CLANG_ANALYZER_NONNULL = YES;
				CLANG_ANALYZER_NUMBER_OBJECT_CONVERSION = YES_AGGRESSIVE;
				CLANG_CXX_LANGUAGE_STANDARD = "gnu++14";
				CLANG_CXX_LIBRARY = "libc++";
				CLANG_ENABLE_MODULES = YES;
				CLANG_ENABLE_OBJC_ARC = YES;
				CLANG_WARN_BLOCK_CAPTURE_AUTORELEASING = YES;
				CLANG_WARN_BOOL_CONVERSION = YES;
				CLANG_WARN_COMMA = YES;
				CLANG_WARN_CONSTANT_CONVERSION = YES;
				CLANG_WARN_DIRECT_OBJC_ISA_USAGE = YES_ERROR;
				CLANG_WARN_DOCUMENTATION_COMMENTS = YES;
				CLANG_WARN_EMPTY_BODY = YES;
				CLANG_WARN_ENUM_CONVERSION = YES;
				CLANG_WARN_INFINITE_RECURSION = YES;
				CLANG_WARN_INT_CONVERSION = YES;
				CLANG_WARN_NON_LITERAL_NULL_CONVERSION = YES;
				CLANG_WARN_OBJC_LITERAL_CONVERSION = YES;
				CLANG_WARN_OBJC_ROOT_CLASS = YES_ERROR;
				CLANG_WARN_RANGE_LOOP_ANALYSIS = YES;
				CLANG_WARN_STRICT_PROTOTYPES = YES;
				CLANG_WARN_SUSPICIOUS_MOVE = YES;
				CLANG_WARN_UNGUARDED_AVAILABILITY = YES_AGGRESSIVE;
				CLANG_WARN_UNREACHABLE_CODE = YES;
				CLANG_WARN__DUPLICATE_METHOD_MATCH = YES;
				CODE_SIGN_IDENTITY = "iPhone Developer";
				COPY_PHASE_STRIP = NO;
				DEBUG_INFORMATION_FORMAT = dwarf;
				ENABLE_STRICT_OBJC_MSGSEND = YES;
				ENABLE_TESTABILITY = YES;
				GCC_C_LANGUAGE_STANDARD = gnu11;
				GCC_DYNAMIC_NO_PIC = NO;
				GCC_NO_COMMON_BLOCKS = YES;
				GCC_OPTIMIZATION_LEVEL = 0;
				GCC_PREPROCESSOR_DEFINITIONS = (
					"DEBUG=1",
					"$(inherited)",
				);
				GCC_WARN_64_TO_32_BIT_CONVERSION = YES;
				GCC_WARN_ABOUT_RETURN_TYPE = YES_ERROR;
				GCC_WARN_UNDECLARED_SELECTOR = YES;
				GCC_WARN_UNINITIALIZED_AUTOS = YES_AGGRESSIVE;
				GCC_WARN_UNUSED_FUNCTION = YES;
				GCC_WARN_UNUSED_VARIABLE = YES;
				IPHONEOS_DEPLOYMENT_TARGET = 11.1;
				MTL_ENABLE_DEBUG_INFO = YES;
				ONLY_ACTIVE_ARCH = YES;
				SDKROOT = iphoneos;
			};
			name = Debug;
		};
		B1EB638A1FB5801C00EA1481 /* Release */ = {
			isa = XCBuildConfiguration;
			buildSettings = {
				ALWAYS_SEARCH_USER_PATHS = NO;
				CLANG_ANALYZER_NONNULL = YES;
				CLANG_ANALYZER_NUMBER_OBJECT_CONVERSION = YES_AGGRESSIVE;
				CLANG_CXX_LANGUAGE_STANDARD = "gnu++14";
				CLANG_CXX_LIBRARY = "libc++";
				CLANG_ENABLE_MODULES = YES;
				CLANG_ENABLE_OBJC_ARC = YES;
				CLANG_WARN_BLOCK_CAPTURE_AUTORELEASING = YES;
				CLANG_WARN_BOOL_CONVERSION = YES;
				CLANG_WARN_COMMA = YES;
				CLANG_WARN_CONSTANT_CONVERSION = YES;
				CLANG_WARN_DIRECT_OBJC_ISA_USAGE = YES_ERROR;
				CLANG_WARN_DOCUMENTATION_COMMENTS = YES;
				CLANG_WARN_EMPTY_BODY = YES;
				CLANG_WARN_ENUM_CONVERSION = YES;
				CLANG_WARN_INFINITE_RECURSION = YES;
				CLANG_WARN_INT_CONVERSION = YES;
				CLANG_WARN_NON_LITERAL_NULL_CONVERSION = YES;
				CLANG_WARN_OBJC_LITERAL_CONVERSION = YES;
				CLANG_WARN_OBJC_ROOT_CLASS = YES_ERROR;
				CLANG_WARN_RANGE_LOOP_ANALYSIS = YES;
				CLANG_WARN_STRICT_PROTOTYPES = YES;
				CLANG_WARN_SUSPICIOUS_MOVE = YES;
				CLANG_WARN_UNGUARDED_AVAILABILITY = YES_AGGRESSIVE;
				CLANG_WARN_UNREACHABLE_CODE = YES;
				CLANG_WARN__DUPLICATE_METHOD_MATCH = YES;
				CODE_SIGN_IDENTITY = "iPhone Developer";
				COPY_PHASE_STRIP = NO;
				DEBUG_INFORMATION_FORMAT = "dwarf-with-dsym";
				ENABLE_NS_ASSERTIONS = NO;
				ENABLE_STRICT_OBJC_MSGSEND = YES;
				GCC_C_LANGUAGE_STANDARD = gnu11;
				GCC_NO_COMMON_BLOCKS = YES;
				GCC_WARN_64_TO_32_BIT_CONVERSION = YES;
				GCC_WARN_ABOUT_RETURN_TYPE = YES_ERROR;
				GCC_WARN_UNDECLARED_SELECTOR = YES;
				GCC_WARN_UNINITIALIZED_AUTOS = YES_AGGRESSIVE;
				GCC_WARN_UNUSED_FUNCTION = YES;
				GCC_WARN_UNUSED_VARIABLE = YES;
				IPHONEOS_DEPLOYMENT_TARGET = 11.1;
				MTL_ENABLE_DEBUG_INFO = NO;
				SDKROOT = iphoneos;
				VALIDATE_PRODUCT = YES;
			};
			name = Release;
		};
		B1EB638C1FB5801C00EA1481 /* Debug */ = {
			isa = XCBuildConfiguration;
			baseConfigurationReference = 5F9B28CB70E9E7E57117D537 /* Pods-ZSBReoprtFormDemo.debug.xcconfig */;
			buildSettings = {
				ASSETCATALOG_COMPILER_APPICON_NAME = AppIcon;
				CODE_SIGN_STYLE = Automatic;
				DEVELOPMENT_TEAM = Q6L5A5732U;
				INFOPLIST_FILE = ZSBReoprtFormDemo/Info.plist;
				IPHONEOS_DEPLOYMENT_TARGET = 9.3;
				LD_RUNPATH_SEARCH_PATHS = "$(inherited) @executable_path/Frameworks";
				PRODUCT_BUNDLE_IDENTIFIER = com.hugh.ZSBReoprtFormDemo;
				PRODUCT_NAME = "$(TARGET_NAME)";
				TARGETED_DEVICE_FAMILY = "1,2";
			};
			name = Debug;
		};
		B1EB638D1FB5801C00EA1481 /* Release */ = {
			isa = XCBuildConfiguration;
			baseConfigurationReference = C02E997002451E82EB3BEB45 /* Pods-ZSBReoprtFormDemo.release.xcconfig */;
			buildSettings = {
				ASSETCATALOG_COMPILER_APPICON_NAME = AppIcon;
				CODE_SIGN_STYLE = Automatic;
				DEVELOPMENT_TEAM = Q6L5A5732U;
				INFOPLIST_FILE = ZSBReoprtFormDemo/Info.plist;
				IPHONEOS_DEPLOYMENT_TARGET = 9.3;
				LD_RUNPATH_SEARCH_PATHS = "$(inherited) @executable_path/Frameworks";
				PRODUCT_BUNDLE_IDENTIFIER = com.hugh.ZSBReoprtFormDemo;
				PRODUCT_NAME = "$(TARGET_NAME)";
				TARGETED_DEVICE_FAMILY = "1,2";
			};
			name = Release;
		};
		B1EB638F1FB5801C00EA1481 /* Debug */ = {
			isa = XCBuildConfiguration;
			buildSettings = {
				BUNDLE_LOADER = "$(TEST_HOST)";
				CODE_SIGN_STYLE = Automatic;
				INFOPLIST_FILE = ZSBReoprtFormDemoTests/Info.plist;
				LD_RUNPATH_SEARCH_PATHS = "$(inherited) @executable_path/Frameworks @loader_path/Frameworks";
				PRODUCT_BUNDLE_IDENTIFIER = com.hugh.ZSBReoprtFormDemoTests;
				PRODUCT_NAME = "$(TARGET_NAME)";
				TARGETED_DEVICE_FAMILY = "1,2";
				TEST_HOST = "$(BUILT_PRODUCTS_DIR)/ZSBReoprtFormDemo.app/ZSBReoprtFormDemo";
			};
			name = Debug;
		};
		B1EB63901FB5801C00EA1481 /* Release */ = {
			isa = XCBuildConfiguration;
			buildSettings = {
				BUNDLE_LOADER = "$(TEST_HOST)";
				CODE_SIGN_STYLE = Automatic;
				INFOPLIST_FILE = ZSBReoprtFormDemoTests/Info.plist;
				LD_RUNPATH_SEARCH_PATHS = "$(inherited) @executable_path/Frameworks @loader_path/Frameworks";
				PRODUCT_BUNDLE_IDENTIFIER = com.hugh.ZSBReoprtFormDemoTests;
				PRODUCT_NAME = "$(TARGET_NAME)";
				TARGETED_DEVICE_FAMILY = "1,2";
				TEST_HOST = "$(BUILT_PRODUCTS_DIR)/ZSBReoprtFormDemo.app/ZSBReoprtFormDemo";
			};
			name = Release;
		};
		B1EB63921FB5801C00EA1481 /* Debug */ = {
			isa = XCBuildConfiguration;
			buildSettings = {
				CODE_SIGN_STYLE = Automatic;
				INFOPLIST_FILE = ZSBReoprtFormDemoUITests/Info.plist;
				LD_RUNPATH_SEARCH_PATHS = "$(inherited) @executable_path/Frameworks @loader_path/Frameworks";
				PRODUCT_BUNDLE_IDENTIFIER = com.hugh.ZSBReoprtFormDemoUITests;
				PRODUCT_NAME = "$(TARGET_NAME)";
				TARGETED_DEVICE_FAMILY = "1,2";
				TEST_TARGET_NAME = ZSBReoprtFormDemo;
			};
			name = Debug;
		};
		B1EB63931FB5801C00EA1481 /* Release */ = {
			isa = XCBuildConfiguration;
			buildSettings = {
				CODE_SIGN_STYLE = Automatic;
				INFOPLIST_FILE = ZSBReoprtFormDemoUITests/Info.plist;
				LD_RUNPATH_SEARCH_PATHS = "$(inherited) @executable_path/Frameworks @loader_path/Frameworks";
				PRODUCT_BUNDLE_IDENTIFIER = com.hugh.ZSBReoprtFormDemoUITests;
				PRODUCT_NAME = "$(TARGET_NAME)";
				TARGETED_DEVICE_FAMILY = "1,2";
				TEST_TARGET_NAME = ZSBReoprtFormDemo;
			};
			name = Release;
		};
/* End XCBuildConfiguration section */

/* Begin XCConfigurationList section */
		B1EB635A1FB5801C00EA1481 /* Build configuration list for PBXProject "ZSBReoprtFormDemo" */ = {
			isa = XCConfigurationList;
			buildConfigurations = (
				B1EB63891FB5801C00EA1481 /* Debug */,
				B1EB638A1FB5801C00EA1481 /* Release */,
			);
			defaultConfigurationIsVisible = 0;
			defaultConfigurationName = Release;
		};
		B1EB638B1FB5801C00EA1481 /* Build configuration list for PBXNativeTarget "ZSBReoprtFormDemo" */ = {
			isa = XCConfigurationList;
			buildConfigurations = (
				B1EB638C1FB5801C00EA1481 /* Debug */,
				B1EB638D1FB5801C00EA1481 /* Release */,
			);
			defaultConfigurationIsVisible = 0;
			defaultConfigurationName = Release;
		};
		B1EB638E1FB5801C00EA1481 /* Build configuration list for PBXNativeTarget "ZSBReoprtFormDemoTests" */ = {
			isa = XCConfigurationList;
			buildConfigurations = (
				B1EB638F1FB5801C00EA1481 /* Debug */,
				B1EB63901FB5801C00EA1481 /* Release */,
			);
			defaultConfigurationIsVisible = 0;
			defaultConfigurationName = Release;
		};
		B1EB63911FB5801C00EA1481 /* Build configuration list for PBXNativeTarget "ZSBReoprtFormDemoUITests" */ = {
			isa = XCConfigurationList;
			buildConfigurations = (
				B1EB63921FB5801C00EA1481 /* Debug */,
				B1EB63931FB5801C00EA1481 /* Release */,
			);
			defaultConfigurationIsVisible = 0;
			defaultConfigurationName = Release;
		};
/* End XCConfigurationList section */
	};
	rootObject = B1EB63571FB5801C00EA1481 /* Project object */;
}
